
Microsoft Visual Studio Solution File, Format Version 12.00
# Visual Studio Version 16
VisualStudioVersion = 16.0.31205.134
MinimumVisualStudioVersion = 10.0.40219.1
Project("{9A19103F-16F7-4668-BE54-9A1E7A4F7556}") = "Api", "GameAchievements\Api.csproj", "{34783D7E-EB98-4EEC-B39E-E9587018EF5E}"
EndProject
Project("{FAE04EC0-301F-11D3-BF4B-00C04F79EFBC}") = "Core", "Core\Core.csproj", "{3599843E-E1C3-4DEC-8B60-BF2D086BFC34}"
EndProject
Project("{FAE04EC0-301F-11D3-BF4B-00C04F79EFBC}") = "Infrastructure", "Infrastructure\Infrastructure.csproj", "{E5486708-132A-453E-B4DB-1EB17B10B988}"
EndProject
Global
	GlobalSection(SolutionConfigurationPlatforms) = preSolution
		Debug|Any CPU = Debug|Any CPU
		Release|Any CPU = Release|Any CPU
	EndGlobalSection
	GlobalSection(ProjectConfigurationPlatforms) = postSolution
		{34783D7E-EB98-4EEC-B39E-E9587018EF5E}.Debug|Any CPU.ActiveCfg = Debug|Any CPU
		{34783D7E-EB98-4EEC-B39E-E9587018EF5E}.Debug|Any CPU.Build.0 = Debug|Any CPU
		{34783D7E-EB98-4EEC-B39E-E9587018EF5E}.Release|Any CPU.ActiveCfg = Release|Any CPU
		{34783D7E-EB98-4EEC-B39E-E9587018EF5E}.Release|Any CPU.Build.0 = Release|Any CPU
		{3599843E-E1C3-4DEC-8B60-BF2D086BFC34}.Debug|Any CPU.ActiveCfg = Debug|Any CPU
		{3599843E-E1C3-4DEC-8B60-BF2D086BFC34}.Debug|Any CPU.Build.0 = Debug|Any CPU
		{3599843E-E1C3-4DEC-8B60-BF2D086BFC34}.Release|Any CPU.ActiveCfg = Release|Any CPU
		{3599843E-E1C3-4DEC-8B60-BF2D086BFC34}.Release|Any CPU.Build.0 = Release|Any CPU
		{E5486708-132A-453E-B4DB-1EB17B10B988}.Debug|Any CPU.ActiveCfg = Debug|Any CPU
		{E5486708-132A-453E-B4DB-1EB17B10B988}.Debug|Any CPU.Build.0 = Debug|Any CPU
		{E5486708-132A-453E-B4DB-1EB17B10B988}.Release|Any CPU.ActiveCfg = Release|Any CPU
		{E5486708-132A-453E-B4DB-1EB17B10B988}.Release|Any CPU.Build.0 = Release|Any CPU
	EndGlobalSection
	GlobalSection(SolutionProperties) = preSolution
		HideSolutionNode = FALSE
	EndGlobalSection
	GlobalSection(ExtensibilityGlobals) = postSolution
		SolutionGuid = {331B55F6-4466-43B3-B10D-24A67CCC932C}
	EndGlobalSection
EndGlobal
